{
  "version": "3",
  "packages": {
    "specifiers": {
      "npm:hono@4.0.5": "npm:hono@4.0.5"
    },
    "npm": {
      "hono@4.0.5": {
        "integrity": "sha512-6LEGL1Pf3+dLjVA0NJxAB/3FJ6S3W5qxd/XOG7Wl9YOrpMRZT9lt83R4Ojs8dO6GbAUSutI7zTyjStnSn9sbEg==",
        "dependencies": {}
      }
    }
  },
  "remote": {},
  "workspace": {
    "dependencies": [
      "npm:hono@4.0.5"
    ]
  }
}
